// !$*UTF8*$!
{
	archiveVersion = 1;
	classes = {
	};
	objectVersion = 51;
	objects = {

/* Begin PBXBuildFile section */
		14AF067C7D0481BE091BCCEC /* Pods_Guide_appUITests.framework in Frameworks */ = {isa = PBXBuildFile; fileRef = 23278429C99562CD6F6AE6C1 /* Pods_Guide_appUITests.framework */; };
		441F9698232F8E6600B87C56 /* AppDelegate.swift in Sources */ = {isa = PBXBuildFile; fileRef = 441F9697232F8E6600B87C56 /* AppDelegate.swift */; };
		441F969F232F8E6600B87C56 /* Assets.xcassets in Resources */ = {isa = PBXBuildFile; fileRef = 441F969E232F8E6600B87C56 /* Assets.xcassets */; };
		441F96AD232F8E6600B87C56 /* MobileList_appTests.swift in Sources */ = {isa = PBXBuildFile; fileRef = 441F96AC232F8E6600B87C56 /* MobileList_appTests.swift */; };
		441F96B8232F8E6600B87C56 /* MobileList_appUITests.swift in Sources */ = {isa = PBXBuildFile; fileRef = 441F96B7232F8E6600B87C56 /* MobileList_appUITests.swift */; };
		441F96CE232F8E9A00B87C56 /* MobileListStore.swift in Sources */ = {isa = PBXBuildFile; fileRef = 441F96C6232F8E9A00B87C56 /* MobileListStore.swift */; };
		441F96CF232F8E9A00B87C56 /* MobileListPresenter.swift in Sources */ = {isa = PBXBuildFile; fileRef = 441F96C7232F8E9A00B87C56 /* MobileListPresenter.swift */; };
		441F96D1232F8E9A00B87C56 /* MobileListRouter.swift in Sources */ = {isa = PBXBuildFile; fileRef = 441F96C9232F8E9A00B87C56 /* MobileListRouter.swift */; };
		441F96D2232F8E9A00B87C56 /* MobileListModels.swift in Sources */ = {isa = PBXBuildFile; fileRef = 441F96CA232F8E9A00B87C56 /* MobileListModels.swift */; };
		441F96D4232F8E9A00B87C56 /* MobileListInteractor.swift in Sources */ = {isa = PBXBuildFile; fileRef = 441F96CC232F8E9A00B87C56 /* MobileListInteractor.swift */; };
		441F96D5232F8E9A00B87C56 /* Phone.swift in Sources */ = {isa = PBXBuildFile; fileRef = 441F96CD232F8E9A00B87C56 /* Phone.swift */; };
		441F96E0232F93CE00B87C56 /* MobileListDetailStore.swift in Sources */ = {isa = PBXBuildFile; fileRef = 441F96D8232F93CE00B87C56 /* MobileListDetailStore.swift */; };
		441F96E1232F93CE00B87C56 /* MobileListDetailPresenter.swift in Sources */ = {isa = PBXBuildFile; fileRef = 441F96D9232F93CE00B87C56 /* MobileListDetailPresenter.swift */; };
		441F96E2232F93CE00B87C56 /* MobileListDetailWorker.swift in Sources */ = {isa = PBXBuildFile; fileRef = 441F96DA232F93CE00B87C56 /* MobileListDetailWorker.swift */; };
		441F96E3232F93CE00B87C56 /* MobileListDetailRouter.swift in Sources */ = {isa = PBXBuildFile; fileRef = 441F96DB232F93CE00B87C56 /* MobileListDetailRouter.swift */; };
		441F96E4232F93CE00B87C56 /* MobileListDetailModels.swift in Sources */ = {isa = PBXBuildFile; fileRef = 441F96DC232F93CE00B87C56 /* MobileListDetailModels.swift */; };
		441F96E5232F93CE00B87C56 /* MobileListDetailViewController.swift in Sources */ = {isa = PBXBuildFile; fileRef = 441F96DD232F93CE00B87C56 /* MobileListDetailViewController.swift */; };
		441F96E6232F93CE00B87C56 /* MobileListDetailInteractor.swift in Sources */ = {isa = PBXBuildFile; fileRef = 441F96DE232F93CE00B87C56 /* MobileListDetailInteractor.swift */; };
		441F96E7232F93CE00B87C56 /* ImagePhone.swift in Sources */ = {isa = PBXBuildFile; fileRef = 441F96DF232F93CE00B87C56 /* ImagePhone.swift */; };
		441F96EA232F950800B87C56 /* sceneList.storyboard in Resources */ = {isa = PBXBuildFile; fileRef = 441F96E9232F950800B87C56 /* sceneList.storyboard */; };
		441F96F62330B0D800B87C56 /* MobileListViewController.swift in Sources */ = {isa = PBXBuildFile; fileRef = 441F96F52330B0D800B87C56 /* MobileListViewController.swift */; };
		441F96FA2330E64A00B87C56 /* MobileListWorker.swift in Sources */ = {isa = PBXBuildFile; fileRef = 441F96F92330E64A00B87C56 /* MobileListWorker.swift */; };
		442A79452334BDE9006C85A6 /* MobileListDetailCollectionViewCell.swift in Sources */ = {isa = PBXBuildFile; fileRef = 442A79442334BDE9006C85A6 /* MobileListDetailCollectionViewCell.swift */; };
		4455B28423323DF100943745 /* MobileListTableViewCell.swift in Sources */ = {isa = PBXBuildFile; fileRef = 4455B28223323DF100943745 /* MobileListTableViewCell.swift */; };
		4455B28523323DF100943745 /* MobileListTableViewCell.xib in Resources */ = {isa = PBXBuildFile; fileRef = 4455B28323323DF100943745 /* MobileListTableViewCell.xib */; };
		CEEC1A4E070ABA6B9FBE7406 /* Pods_Guide_app.framework in Frameworks */ = {isa = PBXBuildFile; fileRef = B9F4515C3421272F0F59B910 /* Pods_Guide_app.framework */; };
		FB5371EC480865CB77CD029A /* Pods_Guide_appTests.framework in Frameworks */ = {isa = PBXBuildFile; fileRef = 111940B94BE10B3F8E3701AE /* Pods_Guide_appTests.framework */; };
/* End PBXBuildFile section */

/* Begin PBXContainerItemProxy section */
		441F96A9232F8E6600B87C56 /* PBXContainerItemProxy */ = {
			isa = PBXContainerItemProxy;
			containerPortal = 441F968C232F8E6600B87C56 /* Project object */;
			proxyType = 1;
			remoteGlobalIDString = 441F9693232F8E6600B87C56;
			remoteInfo = Guide_app;
		};
		441F96B4232F8E6600B87C56 /* PBXContainerItemProxy */ = {
			isa = PBXContainerItemProxy;
			containerPortal = 441F968C232F8E6600B87C56 /* Project object */;
			proxyType = 1;
			remoteGlobalIDString = 441F9693232F8E6600B87C56;
			remoteInfo = Guide_app;
		};
/* End PBXContainerItemProxy section */

/* Begin PBXFileReference section */
		11162C062019E407ACD39564 /* Pods-Guide_appTests.debug.xcconfig */ = {isa = PBXFileReference; includeInIndex = 1; lastKnownFileType = text.xcconfig; name = "Pods-Guide_appTests.debug.xcconfig"; path = "Target Support Files/Pods-Guide_appTests/Pods-Guide_appTests.debug.xcconfig"; sourceTree = "<group>"; };
		111940B94BE10B3F8E3701AE /* Pods_Guide_appTests.framework */ = {isa = PBXFileReference; explicitFileType = wrapper.framework; includeInIndex = 0; path = Pods_Guide_appTests.framework; sourceTree = BUILT_PRODUCTS_DIR; };
		23278429C99562CD6F6AE6C1 /* Pods_Guide_appUITests.framework */ = {isa = PBXFileReference; explicitFileType = wrapper.framework; includeInIndex = 0; path = Pods_Guide_appUITests.framework; sourceTree = BUILT_PRODUCTS_DIR; };
		441F9694232F8E6600B87C56 /* Guide_app.app */ = {isa = PBXFileReference; explicitFileType = wrapper.application; includeInIndex = 0; path = Guide_app.app; sourceTree = BUILT_PRODUCTS_DIR; };
		441F9697232F8E6600B87C56 /* AppDelegate.swift */ = {isa = PBXFileReference; lastKnownFileType = sourcecode.swift; path = AppDelegate.swift; sourceTree = "<group>"; };
		441F969E232F8E6600B87C56 /* Assets.xcassets */ = {isa = PBXFileReference; lastKnownFileType = folder.assetcatalog; path = Assets.xcassets; sourceTree = "<group>"; };
		441F96A3232F8E6600B87C56 /* Info.plist */ = {isa = PBXFileReference; lastKnownFileType = text.plist.xml; path = Info.plist; sourceTree = "<group>"; };
		441F96A8232F8E6600B87C56 /* Guide_appTests.xctest */ = {isa = PBXFileReference; explicitFileType = wrapper.cfbundle; includeInIndex = 0; path = Guide_appTests.xctest; sourceTree = BUILT_PRODUCTS_DIR; };
		441F96AC232F8E6600B87C56 /* MobileList_appTests.swift */ = {isa = PBXFileReference; lastKnownFileType = sourcecode.swift; path = MobileList_appTests.swift; sourceTree = "<group>"; };
		441F96AE232F8E6600B87C56 /* Info.plist */ = {isa = PBXFileReference; lastKnownFileType = text.plist.xml; path = Info.plist; sourceTree = "<group>"; };
		441F96B3232F8E6600B87C56 /* Guide_appUITests.xctest */ = {isa = PBXFileReference; explicitFileType = wrapper.cfbundle; includeInIndex = 0; path = Guide_appUITests.xctest; sourceTree = BUILT_PRODUCTS_DIR; };
		441F96B7232F8E6600B87C56 /* MobileList_appUITests.swift */ = {isa = PBXFileReference; lastKnownFileType = sourcecode.swift; path = MobileList_appUITests.swift; sourceTree = "<group>"; };
		441F96B9232F8E6600B87C56 /* Info.plist */ = {isa = PBXFileReference; lastKnownFileType = text.plist.xml; path = Info.plist; sourceTree = "<group>"; };
		441F96C6232F8E9A00B87C56 /* MobileListStore.swift */ = {isa = PBXFileReference; lastKnownFileType = sourcecode.swift; path = MobileListStore.swift; sourceTree = "<group>"; };
		441F96C7232F8E9A00B87C56 /* MobileListPresenter.swift */ = {isa = PBXFileReference; lastKnownFileType = sourcecode.swift; path = MobileListPresenter.swift; sourceTree = "<group>"; };
		441F96C9232F8E9A00B87C56 /* MobileListRouter.swift */ = {isa = PBXFileReference; lastKnownFileType = sourcecode.swift; path = MobileListRouter.swift; sourceTree = "<group>"; };
		441F96CA232F8E9A00B87C56 /* MobileListModels.swift */ = {isa = PBXFileReference; lastKnownFileType = sourcecode.swift; path = MobileListModels.swift; sourceTree = "<group>"; };
		441F96CC232F8E9A00B87C56 /* MobileListInteractor.swift */ = {isa = PBXFileReference; lastKnownFileType = sourcecode.swift; path = MobileListInteractor.swift; sourceTree = "<group>"; };
		441F96CD232F8E9A00B87C56 /* Phone.swift */ = {isa = PBXFileReference; lastKnownFileType = sourcecode.swift; path = Phone.swift; sourceTree = "<group>"; };
		441F96D8232F93CE00B87C56 /* MobileListDetailStore.swift */ = {isa = PBXFileReference; lastKnownFileType = sourcecode.swift; path = MobileListDetailStore.swift; sourceTree = "<group>"; };
		441F96D9232F93CE00B87C56 /* MobileListDetailPresenter.swift */ = {isa = PBXFileReference; lastKnownFileType = sourcecode.swift; path = MobileListDetailPresenter.swift; sourceTree = "<group>"; };
		441F96DA232F93CE00B87C56 /* MobileListDetailWorker.swift */ = {isa = PBXFileReference; lastKnownFileType = sourcecode.swift; path = MobileListDetailWorker.swift; sourceTree = "<group>"; };
		441F96DB232F93CE00B87C56 /* MobileListDetailRouter.swift */ = {isa = PBXFileReference; lastKnownFileType = sourcecode.swift; path = MobileListDetailRouter.swift; sourceTree = "<group>"; };
		441F96DC232F93CE00B87C56 /* MobileListDetailModels.swift */ = {isa = PBXFileReference; lastKnownFileType = sourcecode.swift; path = MobileListDetailModels.swift; sourceTree = "<group>"; };
		441F96DD232F93CE00B87C56 /* MobileListDetailViewController.swift */ = {isa = PBXFileReference; lastKnownFileType = sourcecode.swift; path = MobileListDetailViewController.swift; sourceTree = "<group>"; };
		441F96DE232F93CE00B87C56 /* MobileListDetailInteractor.swift */ = {isa = PBXFileReference; lastKnownFileType = sourcecode.swift; path = MobileListDetailInteractor.swift; sourceTree = "<group>"; };
		441F96DF232F93CE00B87C56 /* ImagePhone.swift */ = {isa = PBXFileReference; lastKnownFileType = sourcecode.swift; path = ImagePhone.swift; sourceTree = "<group>"; };
		441F96E9232F950800B87C56 /* sceneList.storyboard */ = {isa = PBXFileReference; lastKnownFileType = file.storyboard; path = sceneList.storyboard; sourceTree = "<group>"; };
		441F96F52330B0D800B87C56 /* MobileListViewController.swift */ = {isa = PBXFileReference; fileEncoding = 4; lastKnownFileType = sourcecode.swift; path = MobileListViewController.swift; sourceTree = "<group>"; };
		441F96F92330E64A00B87C56 /* MobileListWorker.swift */ = {isa = PBXFileReference; fileEncoding = 4; lastKnownFileType = sourcecode.swift; path = MobileListWorker.swift; sourceTree = "<group>"; };
		442A79442334BDE9006C85A6 /* MobileListDetailCollectionViewCell.swift */ = {isa = PBXFileReference; lastKnownFileType = sourcecode.swift; path = MobileListDetailCollectionViewCell.swift; sourceTree = "<group>"; };
		4455B28223323DF100943745 /* MobileListTableViewCell.swift */ = {isa = PBXFileReference; fileEncoding = 4; lastKnownFileType = sourcecode.swift; path = MobileListTableViewCell.swift; sourceTree = "<group>"; };
		4455B28323323DF100943745 /* MobileListTableViewCell.xib */ = {isa = PBXFileReference; fileEncoding = 4; lastKnownFileType = file.xib; path = MobileListTableViewCell.xib; sourceTree = "<group>"; };
		6CEB37F403F1A13C8AE39F71 /* Pods-Guide_appUITests.debug.xcconfig */ = {isa = PBXFileReference; includeInIndex = 1; lastKnownFileType = text.xcconfig; name = "Pods-Guide_appUITests.debug.xcconfig"; path = "Target Support Files/Pods-Guide_appUITests/Pods-Guide_appUITests.debug.xcconfig"; sourceTree = "<group>"; };
		77933FFE774A1307CFDD5D42 /* Pods-Guide_appUITests.release.xcconfig */ = {isa = PBXFileReference; includeInIndex = 1; lastKnownFileType = text.xcconfig; name = "Pods-Guide_appUITests.release.xcconfig"; path = "Target Support Files/Pods-Guide_appUITests/Pods-Guide_appUITests.release.xcconfig"; sourceTree = "<group>"; };
		7E788F71277764CA4B07E9E9 /* Pods-Guide_appTests.release.xcconfig */ = {isa = PBXFileReference; includeInIndex = 1; lastKnownFileType = text.xcconfig; name = "Pods-Guide_appTests.release.xcconfig"; path = "Target Support Files/Pods-Guide_appTests/Pods-Guide_appTests.release.xcconfig"; sourceTree = "<group>"; };
		B9F4515C3421272F0F59B910 /* Pods_Guide_app.framework */ = {isa = PBXFileReference; explicitFileType = wrapper.framework; includeInIndex = 0; path = Pods_Guide_app.framework; sourceTree = BUILT_PRODUCTS_DIR; };
		CDEA2E2422F0A05D990D89DB /* Pods-Guide_app.debug.xcconfig */ = {isa = PBXFileReference; includeInIndex = 1; lastKnownFileType = text.xcconfig; name = "Pods-Guide_app.debug.xcconfig"; path = "Target Support Files/Pods-Guide_app/Pods-Guide_app.debug.xcconfig"; sourceTree = "<group>"; };
		FE45993D07D7DAF0F202BAB8 /* Pods-Guide_app.release.xcconfig */ = {isa = PBXFileReference; includeInIndex = 1; lastKnownFileType = text.xcconfig; name = "Pods-Guide_app.release.xcconfig"; path = "Target Support Files/Pods-Guide_app/Pods-Guide_app.release.xcconfig"; sourceTree = "<group>"; };
/* End PBXFileReference section */

/* Begin PBXFrameworksBuildPhase section */
		441F9691232F8E6600B87C56 /* Frameworks */ = {
			isa = PBXFrameworksBuildPhase;
			buildActionMask = 2147483647;
			files = (
				CEEC1A4E070ABA6B9FBE7406 /* Pods_Guide_app.framework in Frameworks */,
			);
			runOnlyForDeploymentPostprocessing = 0;
		};
		441F96A5232F8E6600B87C56 /* Frameworks */ = {
			isa = PBXFrameworksBuildPhase;
			buildActionMask = 2147483647;
			files = (
				FB5371EC480865CB77CD029A /* Pods_Guide_appTests.framework in Frameworks */,
			);
			runOnlyForDeploymentPostprocessing = 0;
		};
		441F96B0232F8E6600B87C56 /* Frameworks */ = {
			isa = PBXFrameworksBuildPhase;
			buildActionMask = 2147483647;
			files = (
				14AF067C7D0481BE091BCCEC /* Pods_Guide_appUITests.framework in Frameworks */,
			);
			runOnlyForDeploymentPostprocessing = 0;
		};
/* End PBXFrameworksBuildPhase section */

/* Begin PBXGroup section */
		441F968B232F8E6600B87C56 = {
			isa = PBXGroup;
			children = (
				441F9696232F8E6600B87C56 /* Guide_app */,
				441F96AB232F8E6600B87C56 /* MobileList_appTests */,
				441F96B6232F8E6600B87C56 /* MobileList_appUITests */,
				441F9695232F8E6600B87C56 /* Products */,
				E873C9D2B3D4FCC101991E54 /* Pods */,
				E849E76047B87087101542CF /* Frameworks */,
			);
			sourceTree = "<group>";
		};
		441F9695232F8E6600B87C56 /* Products */ = {
			isa = PBXGroup;
			children = (
				441F9694232F8E6600B87C56 /* Guide_app.app */,
				441F96A8232F8E6600B87C56 /* Guide_appTests.xctest */,
				441F96B3232F8E6600B87C56 /* Guide_appUITests.xctest */,
			);
			name = Products;
			sourceTree = "<group>";
		};
		441F9696232F8E6600B87C56 /* Guide_app */ = {
			isa = PBXGroup;
			children = (
				441F96F72330B8EC00B87C56 /* Model */,
				4455B28623338F2A00943745 /* Scene */,
				441F9697232F8E6600B87C56 /* AppDelegate.swift */,
				441F96E9232F950800B87C56 /* sceneList.storyboard */,
				441F969E232F8E6600B87C56 /* Assets.xcassets */,
				441F96A3232F8E6600B87C56 /* Info.plist */,
			);
			path = Guide_app;
			sourceTree = "<group>";
		};
		441F96AB232F8E6600B87C56 /* MobileList_appTests */ = {
			isa = PBXGroup;
			children = (
				441F96AC232F8E6600B87C56 /* MobileList_appTests.swift */,
				441F96AE232F8E6600B87C56 /* Info.plist */,
			);
			path = MobileList_appTests;
			sourceTree = "<group>";
		};
		441F96B6232F8E6600B87C56 /* MobileList_appUITests */ = {
			isa = PBXGroup;
			children = (
				441F96B7232F8E6600B87C56 /* MobileList_appUITests.swift */,
				441F96B9232F8E6600B87C56 /* Info.plist */,
			);
			path = MobileList_appUITests;
			sourceTree = "<group>";
		};
		441F96C5232F8E7500B87C56 /* sceneList */ = {
			isa = PBXGroup;
			children = (
				441F96CC232F8E9A00B87C56 /* MobileListInteractor.swift */,
				441F96C7232F8E9A00B87C56 /* MobileListPresenter.swift */,
				441F96F52330B0D800B87C56 /* MobileListViewController.swift */,
				441F96C6232F8E9A00B87C56 /* MobileListStore.swift */,
				441F96F92330E64A00B87C56 /* MobileListWorker.swift */,
				441F96C9232F8E9A00B87C56 /* MobileListRouter.swift */,
				441F96CA232F8E9A00B87C56 /* MobileListModels.swift */,
				441F96F2232FA5A800B87C56 /* tableViewCell */,
			);
			path = sceneList;
			sourceTree = "<group>";
		};
		441F96E8232F93D300B87C56 /* sceneDetail */ = {
			isa = PBXGroup;
			children = (
				441F96DE232F93CE00B87C56 /* MobileListDetailInteractor.swift */,
				441F96D9232F93CE00B87C56 /* MobileListDetailPresenter.swift */,
				441F96DD232F93CE00B87C56 /* MobileListDetailViewController.swift */,
				441F96DA232F93CE00B87C56 /* MobileListDetailWorker.swift */,
				441F96D8232F93CE00B87C56 /* MobileListDetailStore.swift */,
				441F96DB232F93CE00B87C56 /* MobileListDetailRouter.swift */,
				441F96DC232F93CE00B87C56 /* MobileListDetailModels.swift */,
				442A79462334BDF1006C85A6 /* collectionViewCell */,
			);
			path = sceneDetail;
			sourceTree = "<group>";
		};
		441F96F2232FA5A800B87C56 /* tableViewCell */ = {
			isa = PBXGroup;
			children = (
				4455B28323323DF100943745 /* MobileListTableViewCell.xib */,
				4455B28223323DF100943745 /* MobileListTableViewCell.swift */,
			);
			path = tableViewCell;
			sourceTree = "<group>";
		};
		441F96F72330B8EC00B87C56 /* Model */ = {
			isa = PBXGroup;
			children = (
				441F96DF232F93CE00B87C56 /* ImagePhone.swift */,
				441F96CD232F8E9A00B87C56 /* Phone.swift */,
			);
			path = Model;
			sourceTree = "<group>";
		};
		442A79462334BDF1006C85A6 /* collectionViewCell */ = {
			isa = PBXGroup;
			children = (
				442A79442334BDE9006C85A6 /* MobileListDetailCollectionViewCell.swift */,
			);
			path = collectionViewCell;
			sourceTree = "<group>";
		};
		4455B28623338F2A00943745 /* Scene */ = {
			isa = PBXGroup;
			children = (
				441F96C5232F8E7500B87C56 /* sceneList */,
				441F96E8232F93D300B87C56 /* sceneDetail */,
			);
			path = Scene;
			sourceTree = "<group>";
		};
		E849E76047B87087101542CF /* Frameworks */ = {
			isa = PBXGroup;
			children = (
				B9F4515C3421272F0F59B910 /* Pods_Guide_app.framework */,
				111940B94BE10B3F8E3701AE /* Pods_Guide_appTests.framework */,
				23278429C99562CD6F6AE6C1 /* Pods_Guide_appUITests.framework */,
			);
			name = Frameworks;
			sourceTree = "<group>";
		};
		E873C9D2B3D4FCC101991E54 /* Pods */ = {
			isa = PBXGroup;
			children = (
				CDEA2E2422F0A05D990D89DB /* Pods-Guide_app.debug.xcconfig */,
				FE45993D07D7DAF0F202BAB8 /* Pods-Guide_app.release.xcconfig */,
				11162C062019E407ACD39564 /* Pods-Guide_appTests.debug.xcconfig */,
				7E788F71277764CA4B07E9E9 /* Pods-Guide_appTests.release.xcconfig */,
				6CEB37F403F1A13C8AE39F71 /* Pods-Guide_appUITests.debug.xcconfig */,
				77933FFE774A1307CFDD5D42 /* Pods-Guide_appUITests.release.xcconfig */,
			);
			path = Pods;
			sourceTree = "<group>";
		};
/* End PBXGroup section */

/* Begin PBXNativeTarget section */
		441F9693232F8E6600B87C56 /* Guide_app */ = {
			isa = PBXNativeTarget;
			buildConfigurationList = 441F96BC232F8E6600B87C56 /* Build configuration list for PBXNativeTarget "Guide_app" */;
			buildPhases = (
				8A250E1E6E33A5994D4DE8A0 /* [CP] Check Pods Manifest.lock */,
				441F9690232F8E6600B87C56 /* Sources */,
				441F9691232F8E6600B87C56 /* Frameworks */,
				441F9692232F8E6600B87C56 /* Resources */,
				9C2F978E3676A81DF119B9B2 /* [CP] Embed Pods Frameworks */,
			);
			buildRules = (
			);
			dependencies = (
			);
			name = Guide_app;
			productName = Guide_app;
			productReference = 441F9694232F8E6600B87C56 /* Guide_app.app */;
			productType = "com.apple.product-type.application";
		};
		441F96A7232F8E6600B87C56 /* Guide_appTests */ = {
			isa = PBXNativeTarget;
			buildConfigurationList = 441F96BF232F8E6600B87C56 /* Build configuration list for PBXNativeTarget "Guide_appTests" */;
			buildPhases = (
				9B8B59B875DDC3035B8D9F3C /* [CP] Check Pods Manifest.lock */,
				441F96A4232F8E6600B87C56 /* Sources */,
				441F96A5232F8E6600B87C56 /* Frameworks */,
				441F96A6232F8E6600B87C56 /* Resources */,
			);
			buildRules = (
			);
			dependencies = (
				441F96AA232F8E6600B87C56 /* PBXTargetDependency */,
			);
			name = Guide_appTests;
			productName = Guide_appTests;
			productReference = 441F96A8232F8E6600B87C56 /* Guide_appTests.xctest */;
			productType = "com.apple.product-type.bundle.unit-test";
		};
		441F96B2232F8E6600B87C56 /* Guide_appUITests */ = {
			isa = PBXNativeTarget;
			buildConfigurationList = 441F96C2232F8E6600B87C56 /* Build configuration list for PBXNativeTarget "Guide_appUITests" */;
			buildPhases = (
				6B69BE47818FDDA947498263 /* [CP] Check Pods Manifest.lock */,
				441F96AF232F8E6600B87C56 /* Sources */,
				441F96B0232F8E6600B87C56 /* Frameworks */,
				441F96B1232F8E6600B87C56 /* Resources */,
			);
			buildRules = (
			);
			dependencies = (
				441F96B5232F8E6600B87C56 /* PBXTargetDependency */,
			);
			name = Guide_appUITests;
			productName = Guide_appUITests;
			productReference = 441F96B3232F8E6600B87C56 /* Guide_appUITests.xctest */;
			productType = "com.apple.product-type.bundle.ui-testing";
		};
/* End PBXNativeTarget section */

/* Begin PBXProject section */
		441F968C232F8E6600B87C56 /* Project object */ = {
			isa = PBXProject;
			attributes = {
				LastSwiftUpdateCheck = 1030;
				LastUpgradeCheck = 1030;
				ORGANIZATIONNAME = Z64me;
				TargetAttributes = {
					441F9693232F8E6600B87C56 = {
						CreatedOnToolsVersion = 10.3;
					};
					441F96A7232F8E6600B87C56 = {
						CreatedOnToolsVersion = 10.3;
						TestTargetID = 441F9693232F8E6600B87C56;
					};
					441F96B2232F8E6600B87C56 = {
						CreatedOnToolsVersion = 10.3;
						TestTargetID = 441F9693232F8E6600B87C56;
					};
				};
			};
			buildConfigurationList = 441F968F232F8E6600B87C56 /* Build configuration list for PBXProject "Guide_app" */;
			compatibilityVersion = "Xcode 9.3";
			developmentRegion = en;
			hasScannedForEncodings = 0;
			knownRegions = (
				en,
				Base,
			);
			mainGroup = 441F968B232F8E6600B87C56;
			productRefGroup = 441F9695232F8E6600B87C56 /* Products */;
			projectDirPath = "";
			projectRoot = "";
			targets = (
				441F9693232F8E6600B87C56 /* Guide_app */,
				441F96A7232F8E6600B87C56 /* Guide_appTests */,
				441F96B2232F8E6600B87C56 /* Guide_appUITests */,
			);
		};
/* End PBXProject section */

/* Begin PBXResourcesBuildPhase section */
		441F9692232F8E6600B87C56 /* Resources */ = {
			isa = PBXResourcesBuildPhase;
			buildActionMask = 2147483647;
			files = (
				441F96EA232F950800B87C56 /* sceneList.storyboard in Resources */,
				441F969F232F8E6600B87C56 /* Assets.xcassets in Resources */,
				4455B28523323DF100943745 /* MobileListTableViewCell.xib in Resources */,
			);
			runOnlyForDeploymentPostprocessing = 0;
		};
		441F96A6232F8E6600B87C56 /* Resources */ = {
			isa = PBXResourcesBuildPhase;
			buildActionMask = 2147483647;
			files = (
			);
			runOnlyForDeploymentPostprocessing = 0;
		};
		441F96B1232F8E6600B87C56 /* Resources */ = {
			isa = PBXResourcesBuildPhase;
			buildActionMask = 2147483647;
			files = (
			);
			runOnlyForDeploymentPostprocessing = 0;
		};
/* End PBXResourcesBuildPhase section */

/* Begin PBXShellScriptBuildPhase section */
		6B69BE47818FDDA947498263 /* [CP] Check Pods Manifest.lock */ = {
			isa = PBXShellScriptBuildPhase;
			buildActionMask = 2147483647;
			files = (
			);
			inputFileListPaths = (
			);
			inputPaths = (
				"${PODS_PODFILE_DIR_PATH}/Podfile.lock",
				"${PODS_ROOT}/Manifest.lock",
			);
			name = "[CP] Check Pods Manifest.lock";
			outputFileListPaths = (
			);
			outputPaths = (
				"$(DERIVED_FILE_DIR)/Pods-Guide_appUITests-checkManifestLockResult.txt",
			);
			runOnlyForDeploymentPostprocessing = 0;
			shellPath = /bin/sh;
			shellScript = "diff \"${PODS_PODFILE_DIR_PATH}/Podfile.lock\" \"${PODS_ROOT}/Manifest.lock\" > /dev/null\nif [ $? != 0 ] ; then\n    # print error to STDERR\n    echo \"error: The sandbox is not in sync with the Podfile.lock. Run 'pod install' or update your CocoaPods installation.\" >&2\n    exit 1\nfi\n# This output is used by Xcode 'outputs' to avoid re-running this script phase.\necho \"SUCCESS\" > \"${SCRIPT_OUTPUT_FILE_0}\"\n";
			showEnvVarsInLog = 0;
		};
		8A250E1E6E33A5994D4DE8A0 /* [CP] Check Pods Manifest.lock */ = {
			isa = PBXShellScriptBuildPhase;
			buildActionMask = 2147483647;
			files = (
			);
			inputFileListPaths = (
			);
			inputPaths = (
				"${PODS_PODFILE_DIR_PATH}/Podfile.lock",
				"${PODS_ROOT}/Manifest.lock",
			);
			name = "[CP] Check Pods Manifest.lock";
			outputFileListPaths = (
			);
			outputPaths = (
				"$(DERIVED_FILE_DIR)/Pods-Guide_app-checkManifestLockResult.txt",
			);
			runOnlyForDeploymentPostprocessing = 0;
			shellPath = /bin/sh;
			shellScript = "diff \"${PODS_PODFILE_DIR_PATH}/Podfile.lock\" \"${PODS_ROOT}/Manifest.lock\" > /dev/null\nif [ $? != 0 ] ; then\n    # print error to STDERR\n    echo \"error: The sandbox is not in sync with the Podfile.lock. Run 'pod install' or update your CocoaPods installation.\" >&2\n    exit 1\nfi\n# This output is used by Xcode 'outputs' to avoid re-running this script phase.\necho \"SUCCESS\" > \"${SCRIPT_OUTPUT_FILE_0}\"\n";
			showEnvVarsInLog = 0;
		};
		9B8B59B875DDC3035B8D9F3C /* [CP] Check Pods Manifest.lock */ = {
			isa = PBXShellScriptBuildPhase;
			buildActionMask = 2147483647;
			files = (
			);
			inputFileListPaths = (
			);
			inputPaths = (
				"${PODS_PODFILE_DIR_PATH}/Podfile.lock",
				"${PODS_ROOT}/Manifest.lock",
			);
			name = "[CP] Check Pods Manifest.lock";
			outputFileListPaths = (
			);
			outputPaths = (
				"$(DERIVED_FILE_DIR)/Pods-Guide_appTests-checkManifestLockResult.txt",
			);
			runOnlyForDeploymentPostprocessing = 0;
			shellPath = /bin/sh;
			shellScript = "diff \"${PODS_PODFILE_DIR_PATH}/Podfile.lock\" \"${PODS_ROOT}/Manifest.lock\" > /dev/null\nif [ $? != 0 ] ; then\n    # print error to STDERR\n    echo \"error: The sandbox is not in sync with the Podfile.lock. Run 'pod install' or update your CocoaPods installation.\" >&2\n    exit 1\nfi\n# This output is used by Xcode 'outputs' to avoid re-running this script phase.\necho \"SUCCESS\" > \"${SCRIPT_OUTPUT_FILE_0}\"\n";
			showEnvVarsInLog = 0;
		};
		9C2F978E3676A81DF119B9B2 /* [CP] Embed Pods Frameworks */ = {
			isa = PBXShellScriptBuildPhase;
			buildActionMask = 2147483647;
			files = (
			);
			inputFileListPaths = (
				"${PODS_ROOT}/Target Support Files/Pods-Guide_app/Pods-Guide_app-frameworks-${CONFIGURATION}-input-files.xcfilelist",
			);
			name = "[CP] Embed Pods Frameworks";
			outputFileListPaths = (
				"${PODS_ROOT}/Target Support Files/Pods-Guide_app/Pods-Guide_app-frameworks-${CONFIGURATION}-output-files.xcfilelist",
			);
			runOnlyForDeploymentPostprocessing = 0;
			shellPath = /bin/sh;
			shellScript = "\"${PODS_ROOT}/Target Support Files/Pods-Guide_app/Pods-Guide_app-frameworks.sh\"\n";
			showEnvVarsInLog = 0;
		};
/* End PBXShellScriptBuildPhase section */

/* Begin PBXSourcesBuildPhase section */
		441F9690232F8E6600B87C56 /* Sources */ = {
			isa = PBXSourcesBuildPhase;
			buildActionMask = 2147483647;
			files = (
				441F96E2232F93CE00B87C56 /* MobileListDetailWorker.swift in Sources */,
				441F96FA2330E64A00B87C56 /* MobileListWorker.swift in Sources */,
				441F96D4232F8E9A00B87C56 /* MobileListInteractor.swift in Sources */,
				441F96D2232F8E9A00B87C56 /* MobileListModels.swift in Sources */,
				442A79452334BDE9006C85A6 /* MobileListDetailCollectionViewCell.swift in Sources */,
				441F96CF232F8E9A00B87C56 /* MobileListPresenter.swift in Sources */,
				441F96E4232F93CE00B87C56 /* MobileListDetailModels.swift in Sources */,
				441F96D5232F8E9A00B87C56 /* Phone.swift in Sources */,
				441F9698232F8E6600B87C56 /* AppDelegate.swift in Sources */,
				441F96E0232F93CE00B87C56 /* MobileListDetailStore.swift in Sources */,
				441F96E6232F93CE00B87C56 /* MobileListDetailInteractor.swift in Sources */,
				441F96E5232F93CE00B87C56 /* MobileListDetailViewController.swift in Sources */,
				441F96F62330B0D800B87C56 /* MobileListViewController.swift in Sources */,
				441F96D1232F8E9A00B87C56 /* MobileListRouter.swift in Sources */,
				441F96CE232F8E9A00B87C56 /* MobileListStore.swift in Sources */,
				441F96E1232F93CE00B87C56 /* MobileListDetailPresenter.swift in Sources */,
				441F96E3232F93CE00B87C56 /* MobileListDetailRouter.swift in Sources */,
				441F96E7232F93CE00B87C56 /* ImagePhone.swift in Sources */,
				4455B28423323DF100943745 /* MobileListTableViewCell.swift in Sources */,
			);
			runOnlyForDeploymentPostprocessing = 0;
		};
		441F96A4232F8E6600B87C56 /* Sources */ = {
			isa = PBXSourcesBuildPhase;
			buildActionMask = 2147483647;
			files = (
				441F96AD232F8E6600B87C56 /* MobileList_appTests.swift in Sources */,
			);
			runOnlyForDeploymentPostprocessing = 0;
		};
		441F96AF232F8E6600B87C56 /* Sources */ = {
			isa = PBXSourcesBuildPhase;
			buildActionMask = 2147483647;
			files = (
				441F96B8232F8E6600B87C56 /* MobileList_appUITests.swift in Sources */,
			);
			runOnlyForDeploymentPostprocessing = 0;
		};
/* End PBXSourcesBuildPhase section */

/* Begin PBXTargetDependency section */
		441F96AA232F8E6600B87C56 /* PBXTargetDependency */ = {
			isa = PBXTargetDependency;
			target = 441F9693232F8E6600B87C56 /* Guide_app */;
			targetProxy = 441F96A9232F8E6600B87C56 /* PBXContainerItemProxy */;
		};
		441F96B5232F8E6600B87C56 /* PBXTargetDependency */ = {
			isa = PBXTargetDependency;
			target = 441F9693232F8E6600B87C56 /* Guide_app */;
			targetProxy = 441F96B4232F8E6600B87C56 /* PBXContainerItemProxy */;
		};
/* End PBXTargetDependency section */

/* Begin XCBuildConfiguration section */
		441F96BA232F8E6600B87C56 /* Debug */ = {
			isa = XCBuildConfiguration;
			buildSettings = {
				ALWAYS_SEARCH_USER_PATHS = NO;
				CLANG_ANALYZER_NONNULL = YES;
				CLANG_ANALYZER_NUMBER_OBJECT_CONVERSION = YES_AGGRESSIVE;
				CLANG_CXX_LANGUAGE_STANDARD = "gnu++14";
				CLANG_CXX_LIBRARY = "libc++";
				CLANG_ENABLE_MODULES = YES;
				CLANG_ENABLE_OBJC_ARC = YES;
				CLANG_ENABLE_OBJC_WEAK = YES;
				CLANG_WARN_BLOCK_CAPTURE_AUTORELEASING = YES;
				CLANG_WARN_BOOL_CONVERSION = YES;
				CLANG_WARN_COMMA = YES;
				CLANG_WARN_CONSTANT_CONVERSION = YES;
				CLANG_WARN_DEPRECATED_OBJC_IMPLEMENTATIONS = YES;
				CLANG_WARN_DIRECT_OBJC_ISA_USAGE = YES_ERROR;
				CLANG_WARN_DOCUMENTATION_COMMENTS = YES;
				CLANG_WARN_EMPTY_BODY = YES;
				CLANG_WARN_ENUM_CONVERSION = YES;
				CLANG_WARN_INFINITE_RECURSION = YES;
				CLANG_WARN_INT_CONVERSION = YES;
				CLANG_WARN_NON_LITERAL_NULL_CONVERSION = YES;
				CLANG_WARN_OBJC_IMPLICIT_RETAIN_SELF = YES;
				CLANG_WARN_OBJC_LITERAL_CONVERSION = YES;
				CLANG_WARN_OBJC_ROOT_CLASS = YES_ERROR;
				CLANG_WARN_RANGE_LOOP_ANALYSIS = YES;
				CLANG_WARN_STRICT_PROTOTYPES = YES;
				CLANG_WARN_SUSPICIOUS_MOVE = YES;
				CLANG_WARN_UNGUARDED_AVAILABILITY = YES_AGGRESSIVE;
				CLANG_WARN_UNREACHABLE_CODE = YES;
				CLANG_WARN__DUPLICATE_METHOD_MATCH = YES;
				CODE_SIGN_IDENTITY = "iPhone Developer";
				COPY_PHASE_STRIP = NO;
				DEBUG_INFORMATION_FORMAT = dwarf;
				ENABLE_STRICT_OBJC_MSGSEND = YES;
				ENABLE_TESTABILITY = YES;
				GCC_C_LANGUAGE_STANDARD = gnu11;
				GCC_DYNAMIC_NO_PIC = NO;
				GCC_NO_COMMON_BLOCKS = YES;
				GCC_OPTIMIZATION_LEVEL = 0;
				GCC_PREPROCESSOR_DEFINITIONS = (
					"DEBUG=1",
					"$(inherited)",
				);
				GCC_WARN_64_TO_32_BIT_CONVERSION = YES;
				GCC_WARN_ABOUT_RETURN_TYPE = YES_ERROR;
				GCC_WARN_UNDECLARED_SELECTOR = YES;
				GCC_WARN_UNINITIALIZED_AUTOS = YES_AGGRESSIVE;
				GCC_WARN_UNUSED_FUNCTION = YES;
				GCC_WARN_UNUSED_VARIABLE = YES;
				IPHONEOS_DEPLOYMENT_TARGET = 12.4;
				MTL_ENABLE_DEBUG_INFO = INCLUDE_SOURCE;
				MTL_FAST_MATH = YES;
				ONLY_ACTIVE_ARCH = YES;
				SDKROOT = iphoneos;
				SWIFT_ACTIVE_COMPILATION_CONDITIONS = DEBUG;
				SWIFT_OPTIMIZATION_LEVEL = "-Onone";
			};
			name = Debug;
		};
		441F96BB232F8E6600B87C56 /* Release */ = {
			isa = XCBuildConfiguration;
			buildSettings = {
				ALWAYS_SEARCH_USER_PATHS = NO;
				CLANG_ANALYZER_NONNULL = YES;
				CLANG_ANALYZER_NUMBER_OBJECT_CONVERSION = YES_AGGRESSIVE;
				CLANG_CXX_LANGUAGE_STANDARD = "gnu++14";
				CLANG_CXX_LIBRARY = "libc++";
				CLANG_ENABLE_MODULES = YES;
				CLANG_ENABLE_OBJC_ARC = YES;
				CLANG_ENABLE_OBJC_WEAK = YES;
				CLANG_WARN_BLOCK_CAPTURE_AUTORELEASING = YES;
				CLANG_WARN_BOOL_CONVERSION = YES;
				CLANG_WARN_COMMA = YES;
				CLANG_WARN_CONSTANT_CONVERSION = YES;
				CLANG_WARN_DEPRECATED_OBJC_IMPLEMENTATIONS = YES;
				CLANG_WARN_DIRECT_OBJC_ISA_USAGE = YES_ERROR;
				CLANG_WARN_DOCUMENTATION_COMMENTS = YES;
				CLANG_WARN_EMPTY_BODY = YES;
				CLANG_WARN_ENUM_CONVERSION = YES;
				CLANG_WARN_INFINITE_RECURSION = YES;
				CLANG_WARN_INT_CONVERSION = YES;
				CLANG_WARN_NON_LITERAL_NULL_CONVERSION = YES;
				CLANG_WARN_OBJC_IMPLICIT_RETAIN_SELF = YES;
				CLANG_WARN_OBJC_LITERAL_CONVERSION = YES;
				CLANG_WARN_OBJC_ROOT_CLASS = YES_ERROR;
				CLANG_WARN_RANGE_LOOP_ANALYSIS = YES;
				CLANG_WARN_STRICT_PROTOTYPES = YES;
				CLANG_WARN_SUSPICIOUS_MOVE = YES;
				CLANG_WARN_UNGUARDED_AVAILABILITY = YES_AGGRESSIVE;
				CLANG_WARN_UNREACHABLE_CODE = YES;
				CLANG_WARN__DUPLICATE_METHOD_MATCH = YES;
				CODE_SIGN_IDENTITY = "iPhone Developer";
				COPY_PHASE_STRIP = NO;
				DEBUG_INFORMATION_FORMAT = "dwarf-with-dsym";
				ENABLE_NS_ASSERTIONS = NO;
				ENABLE_STRICT_OBJC_MSGSEND = YES;
				GCC_C_LANGUAGE_STANDARD = gnu11;
				GCC_NO_COMMON_BLOCKS = YES;
				GCC_WARN_64_TO_32_BIT_CONVERSION = YES;
				GCC_WARN_ABOUT_RETURN_TYPE = YES_ERROR;
				GCC_WARN_UNDECLARED_SELECTOR = YES;
				GCC_WARN_UNINITIALIZED_AUTOS = YES_AGGRESSIVE;
				GCC_WARN_UNUSED_FUNCTION = YES;
				GCC_WARN_UNUSED_VARIABLE = YES;
				IPHONEOS_DEPLOYMENT_TARGET = 12.4;
				MTL_ENABLE_DEBUG_INFO = NO;
				MTL_FAST_MATH = YES;
				SDKROOT = iphoneos;
				SWIFT_COMPILATION_MODE = wholemodule;
				SWIFT_OPTIMIZATION_LEVEL = "-O";
				VALIDATE_PRODUCT = YES;
			};
			name = Release;
		};
		441F96BD232F8E6600B87C56 /* Debug */ = {
			isa = XCBuildConfiguration;
			baseConfigurationReference = CDEA2E2422F0A05D990D89DB /* Pods-Guide_app.debug.xcconfig */;
			buildSettings = {
				ASSETCATALOG_COMPILER_APPICON_NAME = AppIcon;
				CODE_SIGN_STYLE = Automatic;
				DEVELOPMENT_TEAM = FX74TJBGSV;
				INFOPLIST_FILE = Guide_app/Info.plist;
				LD_RUNPATH_SEARCH_PATHS = (
					"$(inherited)",
					"@executable_path/Frameworks",
				);
				PRODUCT_BUNDLE_IDENTIFIER = "com.SCB.Guide-app";
				PRODUCT_NAME = "$(TARGET_NAME)";
				SWIFT_VERSION = 5.0;
				TARGETED_DEVICE_FAMILY = "1,2";
			};
			name = Debug;
		};
		441F96BE232F8E6600B87C56 /* Release */ = {
			isa = XCBuildConfiguration;
			baseConfigurationReference = FE45993D07D7DAF0F202BAB8 /* Pods-Guide_app.release.xcconfig */;
			buildSettings = {
				ASSETCATALOG_COMPILER_APPICON_NAME = AppIcon;
				CODE_SIGN_STYLE = Automatic;
				DEVELOPMENT_TEAM = FX74TJBGSV;
				INFOPLIST_FILE = Guide_app/Info.plist;
				LD_RUNPATH_SEARCH_PATHS = (
					"$(inherited)",
					"@executable_path/Frameworks",
				);
				PRODUCT_BUNDLE_IDENTIFIER = "com.SCB.Guide-app";
				PRODUCT_NAME = "$(TARGET_NAME)";
				SWIFT_VERSION = 5.0;
				TARGETED_DEVICE_FAMILY = "1,2";
			};
			name = Release;
		};
		441F96C0232F8E6600B87C56 /* Debug */ = {
			isa = XCBuildConfiguration;
			baseConfigurationReference = 11162C062019E407ACD39564 /* Pods-Guide_appTests.debug.xcconfig */;
			buildSettings = {
				ALWAYS_EMBED_SWIFT_STANDARD_LIBRARIES = YES;
				BUNDLE_LOADER = "$(TEST_HOST)";
				CODE_SIGN_STYLE = Automatic;
				DEVELOPMENT_TEAM = FX74TJBGSV;
				INFOPLIST_FILE = Guide_appTests/Info.plist;
				LD_RUNPATH_SEARCH_PATHS = (
					"$(inherited)",
					"@executable_path/Frameworks",
					"@loader_path/Frameworks",
				);
				PRODUCT_BUNDLE_IDENTIFIER = "com.SCB.Guide-appTests";
				PRODUCT_NAME = "$(TARGET_NAME)";
				SWIFT_VERSION = 5.0;
				TARGETED_DEVICE_FAMILY = "1,2";
				TEST_HOST = "$(BUILT_PRODUCTS_DIR)/Guide_app.app/Guide_app";
			};
			name = Debug;
		};
		441F96C1232F8E6600B87C56 /* Release */ = {
			isa = XCBuildConfiguration;
			baseConfigurationReference = 7E788F71277764CA4B07E9E9 /* Pods-Guide_appTests.release.xcconfig */;
			buildSettings = {
				ALWAYS_EMBED_SWIFT_STANDARD_LIBRARIES = YES;
				BUNDLE_LOADER = "$(TEST_HOST)";
				CODE_SIGN_STYLE = Automatic;
				DEVELOPMENT_TEAM = FX74TJBGSV;
				INFOPLIST_FILE = Guide_appTests/Info.plist;
				LD_RUNPATH_SEARCH_PATHS = (
					"$(inherited)",
					"@executable_path/Frameworks",
					"@loader_path/Frameworks",
				);
				PRODUCT_BUNDLE_IDENTIFIER = "com.SCB.Guide-appTests";
				PRODUCT_NAME = "$(TARGET_NAME)";
				SWIFT_VERSION = 5.0;
				TARGETED_DEVICE_FAMILY = "1,2";
				TEST_HOST = "$(BUILT_PRODUCTS_DIR)/Guide_app.app/Guide_app";
			};
			name = Release;
		};
		441F96C3232F8E6600B87C56 /* Debug */ = {
			isa = XCBuildConfiguration;
			baseConfigurationReference = 6CEB37F403F1A13C8AE39F71 /* Pods-Guide_appUITests.debug.xcconfig */;
			buildSettings = {
				ALWAYS_EMBED_SWIFT_STANDARD_LIBRARIES = YES;
				CODE_SIGN_STYLE = Automatic;
				DEVELOPMENT_TEAM = FX74TJBGSV;
				INFOPLIST_FILE = Guide_appUITests/Info.plist;
				LD_RUNPATH_SEARCH_PATHS = (
					"$(inherited)",
					"@executable_path/Frameworks",
					"@loader_path/Frameworks",
				);
				PRODUCT_BUNDLE_IDENTIFIER = "com.SCB.Guide-appUITests";
				PRODUCT_NAME = "$(TARGET_NAME)";
				SWIFT_VERSION = 5.0;
				TARGETED_DEVICE_FAMILY = "1,2";
				TEST_TARGET_NAME = Guide_app;
			};
			name = Debug;
		};
		441F96C4232F8E6600B87C56 /* Release */ = {
			isa = XCBuildConfiguration;
			baseConfigurationReference = 77933FFE774A1307CFDD5D42 /* Pods-Guide_appUITests.release.xcconfig */;
			buildSettings = {
				ALWAYS_EMBED_SWIFT_STANDARD_LIBRARIES = YES;
				CODE_SIGN_STYLE = Automatic;
				DEVELOPMENT_TEAM = FX74TJBGSV;
				INFOPLIST_FILE = Guide_appUITests/Info.plist;
				LD_RUNPATH_SEARCH_PATHS = (
					"$(inherited)",
					"@executable_path/Frameworks",
					"@loader_path/Frameworks",
				);
				PRODUCT_BUNDLE_IDENTIFIER = "com.SCB.Guide-appUITests";
				PRODUCT_NAME = "$(TARGET_NAME)";
				SWIFT_VERSION = 5.0;
				TARGETED_DEVICE_FAMILY = "1,2";
				TEST_TARGET_NAME = Guide_app;
			};
			name = Release;
		};
/* End XCBuildConfiguration section */

/* Begin XCConfigurationList section */
		441F968F232F8E6600B87C56 /* Build configuration list for PBXProject "Guide_app" */ = {
			isa = XCConfigurationList;
			buildConfigurations = (
				441F96BA232F8E6600B87C56 /* Debug */,
				441F96BB232F8E6600B87C56 /* Release */,
			);
			defaultConfigurationIsVisible = 0;
			defaultConfigurationName = Release;
		};
		441F96BC232F8E6600B87C56 /* Build configuration list for PBXNativeTarget "Guide_app" */ = {
			isa = XCConfigurationList;
			buildConfigurations = (
				441F96BD232F8E6600B87C56 /* Debug */,
				441F96BE232F8E6600B87C56 /* Release */,
			);
			defaultConfigurationIsVisible = 0;
			defaultConfigurationName = Release;
		};
		441F96BF232F8E6600B87C56 /* Build configuration list for PBXNativeTarget "Guide_appTests" */ = {
			isa = XCConfigurationList;
			buildConfigurations = (
				441F96C0232F8E6600B87C56 /* Debug */,
				441F96C1232F8E6600B87C56 /* Release */,
			);
			defaultConfigurationIsVisible = 0;
			defaultConfigurationName = Release;
		};
		441F96C2232F8E6600B87C56 /* Build configuration list for PBXNativeTarget "Guide_appUITests" */ = {
			isa = XCConfigurationList;
			buildConfigurations = (
				441F96C3232F8E6600B87C56 /* Debug */,
				441F96C4232F8E6600B87C56 /* Release */,
			);
			defaultConfigurationIsVisible = 0;
			defaultConfigurationName = Release;
		};
/* End XCConfigurationList section */
	};
	rootObject = 441F968C232F8E6600B87C56 /* Project object */;
}
